// !$*UTF8*$!
{
	archiveVersion = 1;
	classes = {
	};
	objectVersion = 77;
	objects = {

/* Begin PBXBuildFile section */
		C501A3AF2FB8A55D004854C0 /* WidgetKit.framework in Frameworks */ = {isa = PBXBuildFile; fileRef = C501A3AE2FB8A55D004854C0 /* WidgetKit.framework */; };
		C501A3B12FB8A55D004854C0 /* SwiftUI.framework in Frameworks */ = {isa = PBXBuildFile; fileRef = C501A3B02FB8A55D004854C0 /* SwiftUI.framework */; };
		C501A3BE2FB8A55F004854C0 /* TallyWidgetsExtension.appex in Embed Foundation Extensions */ = {isa = PBXBuildFile; fileRef = C501A3AC2FB8A55D004854C0 /* TallyWidgetsExtension.appex */; settings = {ATTRIBUTES = (RemoveHeadersOnCopy, ); }; };
		C597A43E2FC1E7DC00C89E9C /* Auth in Frameworks */ = {isa = PBXBuildFile; productRef = C597A43D2FC1E7DC00C89E9C /* Auth */; };
		C597A4402FC1E7DC00C89E9C /* Functions in Frameworks */ = {isa = PBXBuildFile; productRef = C597A43F2FC1E7DC00C89E9C /* Functions */; };
		C597A4422FC1E7DC00C89E9C /* PostgREST in Frameworks */ = {isa = PBXBuildFile; productRef = C597A4412FC1E7DC00C89E9C /* PostgREST */; };
		C597A4442FC1E7DC00C89E9C /* Realtime in Frameworks */ = {isa = PBXBuildFile; productRef = C597A4432FC1E7DC00C89E9C /* Realtime */; };
		C597A4462FC1E7DC00C89E9C /* Storage in Frameworks */ = {isa = PBXBuildFile; productRef = C597A4452FC1E7DC00C89E9C /* Storage */; };
		C597A4482FC1E7DC00C89E9C /* Supabase in Frameworks */ = {isa = PBXBuildFile; productRef = C597A4472FC1E7DC00C89E9C /* Supabase */; };
/* End PBXBuildFile section */

/* Begin PBXContainerItemProxy section */
		C501A30F2FB7F884004854C0 /* PBXContainerItemProxy */ = {
			isa = PBXContainerItemProxy;
			containerPortal = C501A2F72FB7F882004854C0 /* Project object */;
			proxyType = 1;
			remoteGlobalIDString = C501A2FE2FB7F882004854C0;
			remoteInfo = Tally;
		};
		C501A3192FB7F884004854C0 /* PBXContainerItemProxy */ = {
			isa = PBXContainerItemProxy;
			containerPortal = C501A2F72FB7F882004854C0 /* Project object */;
			proxyType = 1;
			remoteGlobalIDString = C501A2FE2FB7F882004854C0;
			remoteInfo = Tally;
		};
		C501A3BC2FB8A55F004854C0 /* PBXContainerItemProxy */ = {
			isa = PBXContainerItemProxy;
			containerPortal = C501A2F72FB7F882004854C0 /* Project object */;
			proxyType = 1;
			remoteGlobalIDString = C501A3AB2FB8A55D004854C0;
			remoteInfo = TallyWidgetsExtension;
		};
/* End PBXContainerItemProxy section */

/* Begin PBXCopyFilesBuildPhase section */
		C501A3C32FB8A55F004854C0 /* Embed Foundation Extensions */ = {
			isa = PBXCopyFilesBuildPhase;
			buildActionMask = 2147483647;
			dstPath = "";
			dstSubfolderSpec = 13;
			files = (
				C501A3BE2FB8A55F004854C0 /* TallyWidgetsExtension.appex in Embed Foundation Extensions */,
			);
			name = "Embed Foundation Extensions";
			runOnlyForDeploymentPostprocessing = 0;
		};
/* End PBXCopyFilesBuildPhase section */

/* Begin PBXFileReference section */
		C501A2FF2FB7F882004854C0 /* Tally.app */ = {isa = PBXFileReference; explicitFileType = wrapper.application; includeInIndex = 0; path = Tally.app; sourceTree = BUILT_PRODUCTS_DIR; };
		C501A30E2FB7F884004854C0 /* TallyTests.xctest */ = {isa = PBXFileReference; explicitFileType = wrapper.cfbundle; includeInIndex = 0; path = TallyTests.xctest; sourceTree = BUILT_PRODUCTS_DIR; };
		C501A3182FB7F884004854C0 /* TallyUITests.xctest */ = {isa = PBXFileReference; explicitFileType = wrapper.cfbundle; includeInIndex = 0; path = TallyUITests.xctest; sourceTree = BUILT_PRODUCTS_DIR; };
		C501A3AC2FB8A55D004854C0 /* TallyWidgetsExtension.appex */ = {isa = PBXFileReference; explicitFileType = "wrapper.app-extension"; includeInIndex = 0; path = TallyWidgetsExtension.appex; sourceTree = BUILT_PRODUCTS_DIR; };
		C501A3AE2FB8A55D004854C0 /* WidgetKit.framework */ = {isa = PBXFileReference; lastKnownFileType = wrapper.framework; name = WidgetKit.framework; path = System/Library/Frameworks/WidgetKit.framework; sourceTree = SDKROOT; };
		C501A3B02FB8A55D004854C0 /* SwiftUI.framework */ = {isa = PBXFileReference; lastKnownFileType = wrapper.framework; name = SwiftUI.framework; path = System/Library/Frameworks/SwiftUI.framework; sourceTree = SDKROOT; };
/* End PBXFileReference section */

/* Begin PBXFileSystemSynchronizedBuildFileExceptionSet section */
		C501A3BF2FB8A55F004854C0 /* Exceptions for "TallyWidgets" folder in "TallyWidgetsExtension" target */ = {
			isa = PBXFileSystemSynchronizedBuildFileExceptionSet;
			membershipExceptions = (
				Info.plist,
			);
			target = C501A3AB2FB8A55D004854C0 /* TallyWidgetsExtension */;
		};
		C501A3C52FB8A6E6004854C0 /* Exceptions for "Tally" folder in "TallyWidgetsExtension" target */ = {
			isa = PBXFileSystemSynchronizedBuildFileExceptionSet;
			membershipExceptions = (
				Logic/DateHelpers.swift,
				Logic/DayCompletion.swift,
				Logic/Streak.swift,
				Logic/TaskState.swift,
				Models/Category.swift,
				Models/DaySummary.swift,
				Models/Habit.swift,
				Models/HabitDay.swift,
				Models/LogEntry.swift,
				Models/PendingSync.swift,
				Models/Profile.swift,
				Models/TallySchema.swift,
				Models/TallySettings.swift,
				Models/TallyTask.swift,
				Models/TaskType.swift,
				Models/UserHabit.swift,
				Models/UserHabitSchedule.swift,
				Models/UserPreferences.swift,
				Services/ModelContainerFactory.swift,
			);
			target = C501A3AB2FB8A55D004854C0 /* TallyWidgetsExtension */;
		};
/* End PBXFileSystemSynchronizedBuildFileExceptionSet section */

/* Begin PBXFileSystemSynchronizedRootGroup section */
		C501A3012FB7F882004854C0 /* Tally */ = {
			isa = PBXFileSystemSynchronizedRootGroup;
			exceptions = (
				C501A3C52FB8A6E6004854C0 /* Exceptions for "Tally" folder in "TallyWidgetsExtension" target */,
			);
			path = Tally;
			sourceTree = "<group>";
		};
		C501A3112FB7F884004854C0 /* TallyTests */ = {
			isa = PBXFileSystemSynchronizedRootGroup;
			path = TallyTests;
			sourceTree = "<group>";
		};
		C501A31B2FB7F884004854C0 /* TallyUITests */ = {
			isa = PBXFileSystemSynchronizedRootGroup;
			path = TallyUITests;
			sourceTree = "<group>";
		};
		C501A3B22FB8A55D004854C0 /* TallyWidgets */ = {
			isa = PBXFileSystemSynchronizedRootGroup;
			exceptions = (
				C501A3BF2FB8A55F004854C0 /* Exceptions for "TallyWidgets" folder in "TallyWidgetsExtension" target */,
			);
			path = TallyWidgets;
			sourceTree = "<group>";
		};
/* End PBXFileSystemSynchronizedRootGroup section */

/* Begin PBXFrameworksBuildPhase section */
		C501A2FC2FB7F882004854C0 /* Frameworks */ = {
			isa = PBXFrameworksBuildPhase;
			buildActionMask = 2147483647;
			files = (
				C597A4422FC1E7DC00C89E9C /* PostgREST in Frameworks */,
				C597A4402FC1E7DC00C89E9C /* Functions in Frameworks */,
				C597A4482FC1E7DC00C89E9C /* Supabase in Frameworks */,
				C597A43E2FC1E7DC00C89E9C /* Auth in Frameworks */,
				C597A4462FC1E7DC00C89E9C /* Storage in Frameworks */,
				C597A4442FC1E7DC00C89E9C /* Realtime in Frameworks */,
			);
			runOnlyForDeploymentPostprocessing = 0;
		};
		C501A30B2FB7F884004854C0 /* Frameworks */ = {
			isa = PBXFrameworksBuildPhase;
			buildActionMask = 2147483647;
			files = (
			);
			runOnlyForDeploymentPostprocessing = 0;
		};
		C501A3152FB7F884004854C0 /* Frameworks */ = {
			isa = PBXFrameworksBuildPhase;
			buildActionMask = 2147483647;
			files = (
			);
			runOnlyForDeploymentPostprocessing = 0;
		};
		C501A3A92FB8A55D004854C0 /* Frameworks */ = {
			isa = PBXFrameworksBuildPhase;
			buildActionMask = 2147483647;
			files = (
				C501A3B12FB8A55D004854C0 /* SwiftUI.framework in Frameworks */,
				C501A3AF2FB8A55D004854C0 /* WidgetKit.framework in Frameworks */,
			);
			runOnlyForDeploymentPostprocessing = 0;
		};
/* End PBXFrameworksBuildPhase section */

/* Begin PBXGroup section */
		C501A2F62FB7F882004854C0 = {
			isa = PBXGroup;
			children = (
				C501A3012FB7F882004854C0 /* Tally */,
				C501A3112FB7F884004854C0 /* TallyTests */,
				C501A31B2FB7F884004854C0 /* TallyUITests */,
				C501A3B22FB8A55D004854C0 /* TallyWidgets */,
				C501A3AD2FB8A55D004854C0 /* Frameworks */,
				C501A3002FB7F882004854C0 /* Products */,
			);
			sourceTree = "<group>";
		};
		C501A3002FB7F882004854C0 /* Products */ = {
			isa = PBXGroup;
			children = (
				C501A2FF2FB7F882004854C0 /* Tally.app */,
				C501A30E2FB7F884004854C0 /* TallyTests.xctest */,
				C501A3182FB7F884004854C0 /* TallyUITests.xctest */,
				C501A3AC2FB8A55D004854C0 /* TallyWidgetsExtension.appex */,
			);
			name = Products;
			sourceTree = "<group>";
		};
		C501A3AD2FB8A55D004854C0 /* Frameworks */ = {
			isa = PBXGroup;
			children = (
				C501A3AE2FB8A55D004854C0 /* WidgetKit.framework */,
				C501A3B02FB8A55D004854C0 /* SwiftUI.framework */,
			);
			name = Frameworks;
			sourceTree = "<group>";
		};
/* End PBXGroup section */

/* Begin PBXNativeTarget section */
		C501A2FE2FB7F882004854C0 /* Tally */ = {
			isa = PBXNativeTarget;
			buildConfigurationList = C501A3222FB7F884004854C0 /* Build configuration list for PBXNativeTarget "Tally" */;
			buildPhases = (
				C501A2FB2FB7F882004854C0 /* Sources */,
				C501A2FC2FB7F882004854C0 /* Frameworks */,
				C501A2FD2FB7F882004854C0 /* Resources */,
				C501A3C32FB8A55F004854C0 /* Embed Foundation Extensions */,
			);
			buildRules = (
			);
			dependencies = (
				C501A3BD2FB8A55F004854C0 /* PBXTargetDependency */,
			);
			fileSystemSynchronizedGroups = (
				C501A3012FB7F882004854C0 /* Tally */,
			);
			name = Tally;
			packageProductDependencies = (
				C597A43D2FC1E7DC00C89E9C /* Auth */,
				C597A43F2FC1E7DC00C89E9C /* Functions */,
				C597A4412FC1E7DC00C89E9C /* PostgREST */,
				C597A4432FC1E7DC00C89E9C /* Realtime */,
				C597A4452FC1E7DC00C89E9C /* Storage */,
				C597A4472FC1E7DC00C89E9C /* Supabase */,
			);
			productName = Tally;
			productReference = C501A2FF2FB7F882004854C0 /* Tally.app */;
			productType = "com.apple.product-type.application";
		};
		C501A30D2FB7F884004854C0 /* TallyTests */ = {
			isa = PBXNativeTarget;
			buildConfigurationList = C501A3252FB7F884004854C0 /* Build configuration list for PBXNativeTarget "TallyTests" */;
			buildPhases = (
				C501A30A2FB7F884004854C0 /* Sources */,
				C501A30B2FB7F884004854C0 /* Frameworks */,
				C501A30C2FB7F884004854C0 /* Resources */,
			);
			buildRules = (
			);
			dependencies = (
				C501A3102FB7F884004854C0 /* PBXTargetDependency */,
			);
			fileSystemSynchronizedGroups = (
				C501A3112FB7F884004854C0 /* TallyTests */,
			);
			name = TallyTests;
			packageProductDependencies = (
			);
			productName = TallyTests;
			productReference = C501A30E2FB7F884004854C0 /* TallyTests.xctest */;
			productType = "com.apple.product-type.bundle.unit-test";
		};
		C501A3172FB7F884004854C0 /* TallyUITests */ = {
			isa = PBXNativeTarget;
			buildConfigurationList = C501A3282FB7F884004854C0 /* Build configuration list for PBXNativeTarget "TallyUITests" */;
			buildPhases = (
				C501A3142FB7F884004854C0 /* Sources */,
				C501A3152FB7F884004854C0 /* Frameworks */,
				C501A3162FB7F884004854C0 /* Resources */,
			);
			buildRules = (
			);
			dependencies = (
				C501A31A2FB7F884004854C0 /* PBXTargetDependency */,
			);
			fileSystemSynchronizedGroups = (
				C501A31B2FB7F884004854C0 /* TallyUITests */,
			);
			name = TallyUITests;
			packageProductDependencies = (
			);
			productName = TallyUITests;
			productReference = C501A3182FB7F884004854C0 /* TallyUITests.xctest */;
			productType = "com.apple.product-type.bundle.ui-testing";
		};
		C501A3AB2FB8A55D004854C0 /* TallyWidgetsExtension */ = {
			isa = PBXNativeTarget;
			buildConfigurationList = C501A3C02FB8A55F004854C0 /* Build configuration list for PBXNativeTarget "TallyWidgetsExtension" */;
			buildPhases = (
				C501A3A82FB8A55D004854C0 /* Sources */,
				C501A3A92FB8A55D004854C0 /* Frameworks */,
				C501A3AA2FB8A55D004854C0 /* Resources */,
			);
			buildRules = (
			);
			dependencies = (
			);
			fileSystemSynchronizedGroups = (
				C501A3B22FB8A55D004854C0 /* TallyWidgets */,
			);
			name = TallyWidgetsExtension;
			packageProductDependencies = (
			);
			productName = TallyWidgetsExtension;
			productReference = C501A3AC2FB8A55D004854C0 /* TallyWidgetsExtension.appex */;
			productType = "com.apple.product-type.app-extension";
		};
/* End PBXNativeTarget section */

/* Begin PBXProject section */
		C501A2F72FB7F882004854C0 /* Project object */ = {
			isa = PBXProject;
			attributes = {
				BuildIndependentTargetsInParallel = 1;
				LastSwiftUpdateCheck = 2650;
				LastUpgradeCheck = 2650;
				TargetAttributes = {
					C501A2FE2FB7F882004854C0 = {
						CreatedOnToolsVersion = 26.5;
					};
					C501A30D2FB7F884004854C0 = {
						CreatedOnToolsVersion = 26.5;
						TestTargetID = C501A2FE2FB7F882004854C0;
					};
					C501A3172FB7F884004854C0 = {
						CreatedOnToolsVersion = 26.5;
						TestTargetID = C501A2FE2FB7F882004854C0;
					};
					C501A3AB2FB8A55D004854C0 = {
						CreatedOnToolsVersion = 26.5;
					};
				};
			};
			buildConfigurationList = C501A2FA2FB7F882004854C0 /* Build configuration list for PBXProject "Tally" */;
			developmentRegion = en;
			hasScannedForEncodings = 0;
			knownRegions = (
				en,
				Base,
			);
			mainGroup = C501A2F62FB7F882004854C0;
			minimizedProjectReferenceProxies = 1;
			packageReferences = (
				C597A43C2FC1E7DC00C89E9C /* XCRemoteSwiftPackageReference "supabase-swift" */,
			);
			preferredProjectObjectVersion = 77;
			productRefGroup = C501A3002FB7F882004854C0 /* Products */;
			projectDirPath = "";
			projectRoot = "";
			targets = (
				C501A2FE2FB7F882004854C0 /* Tally */,
				C501A30D2FB7F884004854C0 /* TallyTests */,
				C501A3172FB7F884004854C0 /* TallyUITests */,
				C501A3AB2FB8A55D004854C0 /* TallyWidgetsExtension */,
			);
		};
/* End PBXProject section */

/* Begin PBXResourcesBuildPhase section */
		C501A2FD2FB7F882004854C0 /* Resources */ = {
			isa = PBXResourcesBuildPhase;
			buildActionMask = 2147483647;
			files = (
			);
			runOnlyForDeploymentPostprocessing = 0;
		};
		C501A30C2FB7F884004854C0 /* Resources */ = {
			isa = PBXResourcesBuildPhase;
			buildActionMask = 2147483647;
			files = (
			);
			runOnlyForDeploymentPostprocessing = 0;
		};
		C501A3162FB7F884004854C0 /* Resources */ = {
			isa = PBXResourcesBuildPhase;
			buildActionMask = 2147483647;
			files = (
			);
			runOnlyForDeploymentPostprocessing = 0;
		};
		C501A3AA2FB8A55D004854C0 /* Resources */ = {
			isa = PBXResourcesBuildPhase;
			buildActionMask = 2147483647;
			files = (
			);
			runOnlyForDeploymentPostprocessing = 0;
		};
/* End PBXResourcesBuildPhase section */

/* Begin PBXSourcesBuildPhase section */
		C501A2FB2FB7F882004854C0 /* Sources */ = {
			isa = PBXSourcesBuildPhase;
			buildActionMask = 2147483647;
			files = (
			);
			runOnlyForDeploymentPostprocessing = 0;
		};
		C501A30A2FB7F884004854C0 /* Sources */ = {
			isa = PBXSourcesBuildPhase;
			buildActionMask = 2147483647;
			files = (
			);
			runOnlyForDeploymentPostprocessing = 0;
		};
		C501A3142FB7F884004854C0 /* Sources */ = {
			isa = PBXSourcesBuildPhase;
			buildActionMask = 2147483647;
			files = (
			);
			runOnlyForDeploymentPostprocessing = 0;
		};
		C501A3A82FB8A55D004854C0 /* Sources */ = {
			isa = PBXSourcesBuildPhase;
			buildActionMask = 2147483647;
			files = (
			);
			runOnlyForDeploymentPostprocessing = 0;
		};
/* End PBXSourcesBuildPhase section */

/* Begin PBXTargetDependency section */
		C501A3102FB7F884004854C0 /* PBXTargetDependency */ = {
			isa = PBXTargetDependency;
			target = C501A2FE2FB7F882004854C0 /* Tally */;
			targetProxy = C501A30F2FB7F884004854C0 /* PBXContainerItemProxy */;
		};
		C501A31A2FB7F884004854C0 /* PBXTargetDependency */ = {
			isa = PBXTargetDependency;
			target = C501A2FE2FB7F882004854C0 /* Tally */;
			targetProxy = C501A3192FB7F884004854C0 /* PBXContainerItemProxy */;
		};
		C501A3BD2FB8A55F004854C0 /* PBXTargetDependency */ = {
			isa = PBXTargetDependency;
			target = C501A3AB2FB8A55D004854C0 /* TallyWidgetsExtension */;
			targetProxy = C501A3BC2FB8A55F004854C0 /* PBXContainerItemProxy */;
		};
/* End PBXTargetDependency section */

/* Begin XCBuildConfiguration section */
		C501A3202FB7F884004854C0 /* Debug */ = {
			isa = XCBuildConfiguration;
			buildSettings = {
				ALWAYS_SEARCH_USER_PATHS = NO;
				ASSETCATALOG_COMPILER_GENERATE_SWIFT_ASSET_SYMBOL_EXTENSIONS = YES;
				CLANG_ANALYZER_NONNULL = YES;
				CLANG_ANALYZER_NUMBER_OBJECT_CONVERSION = YES_AGGRESSIVE;
				CLANG_CXX_LANGUAGE_STANDARD = "gnu++20";
				CLANG_ENABLE_MODULES = YES;
				CLANG_ENABLE_OBJC_ARC = YES;
				CLANG_ENABLE_OBJC_WEAK = YES;
				CLANG_WARN_BLOCK_CAPTURE_AUTORELEASING = YES;
				CLANG_WARN_BOOL_CONVERSION = YES;
				CLANG_WARN_COMMA = YES;
				CLANG_WARN_CONSTANT_CONVERSION = YES;
				CLANG_WARN_DEPRECATED_OBJC_IMPLEMENTATIONS = YES;
				CLANG_WARN_DIRECT_OBJC_ISA_USAGE = YES_ERROR;
				CLANG_WARN_DOCUMENTATION_COMMENTS = YES;
				CLANG_WARN_EMPTY_BODY = YES;
				CLANG_WARN_ENUM_CONVERSION = YES;
				CLANG_WARN_INFINITE_RECURSION = YES;
				CLANG_WARN_INT_CONVERSION = YES;
				CLANG_WARN_NON_LITERAL_NULL_CONVERSION = YES;
				CLANG_WARN_OBJC_IMPLICIT_RETAIN_SELF = YES;
				CLANG_WARN_OBJC_LITERAL_CONVERSION = YES;
				CLANG_WARN_OBJC_ROOT_CLASS = YES_ERROR;
				CLANG_WARN_QUOTED_INCLUDE_IN_FRAMEWORK_HEADER = YES;
				CLANG_WARN_RANGE_LOOP_ANALYSIS = YES;
				CLANG_WARN_STRICT_PROTOTYPES = YES;
				CLANG_WARN_SUSPICIOUS_MOVE = YES;
				CLANG_WARN_UNGUARDED_AVAILABILITY = YES_AGGRESSIVE;
				CLANG_WARN_UNREACHABLE_CODE = YES;
				CLANG_WARN__DUPLICATE_METHOD_MATCH = YES;
				COPY_PHASE_STRIP = NO;
				DEBUG_INFORMATION_FORMAT = dwarf;
				ENABLE_STRICT_OBJC_MSGSEND = YES;
				ENABLE_TESTABILITY = YES;
				ENABLE_USER_SCRIPT_SANDBOXING = YES;
				GCC_C_LANGUAGE_STANDARD = gnu17;
				GCC_DYNAMIC_NO_PIC = NO;
				GCC_NO_COMMON_BLOCKS = YES;
				GCC_OPTIMIZATION_LEVEL = 0;
				GCC_PREPROCESSOR_DEFINITIONS = (
					"DEBUG=1",
					"$(inherited)",
				);
				GCC_WARN_64_TO_32_BIT_CONVERSION = YES;
				GCC_WARN_ABOUT_RETURN_TYPE = YES_ERROR;
				GCC_WARN_UNDECLARED_SELECTOR = YES;
				GCC_WARN_UNINITIALIZED_AUTOS = YES_AGGRESSIVE;
				GCC_WARN_UNUSED_FUNCTION = YES;
				GCC_WARN_UNUSED_VARIABLE = YES;
				IPHONEOS_DEPLOYMENT_TARGET = 18.0;
				LOCALIZATION_PREFERS_STRING_CATALOGS = YES;
				MTL_ENABLE_DEBUG_INFO = INCLUDE_SOURCE;
				MTL_FAST_MATH = YES;
				ONLY_ACTIVE_ARCH = YES;
				SDKROOT = iphoneos;
				SWIFT_ACTIVE_COMPILATION_CONDITIONS = "DEBUG $(inherited)";
				SWIFT_OPTIMIZATION_LEVEL = "-Onone";
			};
			name = Debug;
		};
		C501A3212FB7F884004854C0 /* Release */ = {
			isa = XCBuildConfiguration;
			buildSettings = {
				ALWAYS_SEARCH_USER_PATHS = NO;
				ASSETCATALOG_COMPILER_GENERATE_SWIFT_ASSET_SYMBOL_EXTENSIONS = YES;
				CLANG_ANALYZER_NONNULL = YES;
				CLANG_ANALYZER_NUMBER_OBJECT_CONVERSION = YES_AGGRESSIVE;
				CLANG_CXX_LANGUAGE_STANDARD = "gnu++20";
				CLANG_ENABLE_MODULES = YES;
				CLANG_ENABLE_OBJC_ARC = YES;
				CLANG_ENABLE_OBJC_WEAK = YES;
				CLANG_WARN_BLOCK_CAPTURE_AUTORELEASING = YES;
				CLANG_WARN_BOOL_CONVERSION = YES;
				CLANG_WARN_COMMA = YES;
				CLANG_WARN_CONSTANT_CONVERSION = YES;
				CLANG_WARN_DEPRECATED_OBJC_IMPLEMENTATIONS = YES;
				CLANG_WARN_DIRECT_OBJC_ISA_USAGE = YES_ERROR;
				CLANG_WARN_DOCUMENTATION_COMMENTS = YES;
				CLANG_WARN_EMPTY_BODY = YES;
				CLANG_WARN_ENUM_CONVERSION = YES;
				CLANG_WARN_INFINITE_RECURSION = YES;
				CLANG_WARN_INT_CONVERSION = YES;
				CLANG_WARN_NON_LITERAL_NULL_CONVERSION = YES;
				CLANG_WARN_OBJC_IMPLICIT_RETAIN_SELF = YES;
				CLANG_WARN_OBJC_LITERAL_CONVERSION = YES;
				CLANG_WARN_OBJC_ROOT_CLASS = YES_ERROR;
				CLANG_WARN_QUOTED_INCLUDE_IN_FRAMEWORK_HEADER = YES;
				CLANG_WARN_RANGE_LOOP_ANALYSIS = YES;
				CLANG_WARN_STRICT_PROTOTYPES = YES;
				CLANG_WARN_SUSPICIOUS_MOVE = YES;
				CLANG_WARN_UNGUARDED_AVAILABILITY = YES_AGGRESSIVE;
				CLANG_WARN_UNREACHABLE_CODE = YES;
				CLANG_WARN__DUPLICATE_METHOD_MATCH = YES;
				COPY_PHASE_STRIP = NO;
				DEBUG_INFORMATION_FORMAT = "dwarf-with-dsym";
				ENABLE_NS_ASSERTIONS = NO;
				ENABLE_STRICT_OBJC_MSGSEND = YES;
				ENABLE_USER_SCRIPT_SANDBOXING = YES;
				GCC_C_LANGUAGE_STANDARD = gnu17;
				GCC_NO_COMMON_BLOCKS = YES;
				GCC_WARN_64_TO_32_BIT_CONVERSION = YES;
				GCC_WARN_ABOUT_RETURN_TYPE = YES_ERROR;
				GCC_WARN_UNDECLARED_SELECTOR = YES;
				GCC_WARN_UNINITIALIZED_AUTOS = YES_AGGRESSIVE;
				GCC_WARN_UNUSED_FUNCTION = YES;
				GCC_WARN_UNUSED_VARIABLE = YES;
				IPHONEOS_DEPLOYMENT_TARGET = 18.0;
				LOCALIZATION_PREFERS_STRING_CATALOGS = YES;
				MTL_ENABLE_DEBUG_INFO = NO;
				MTL_FAST_MATH = YES;
				SDKROOT = iphoneos;
				SWIFT_COMPILATION_MODE = wholemodule;
				VALIDATE_PRODUCT = YES;
			};
			name = Release;
		};
		C501A3232FB7F884004854C0 /* Debug */ = {
			isa = XCBuildConfiguration;
			buildSettings = {
				ASSETCATALOG_COMPILER_APPICON_NAME = AppIcon;
				ASSETCATALOG_COMPILER_GLOBAL_ACCENT_COLOR_NAME = AccentColor;
				CODE_SIGN_ENTITLEMENTS = Tally/Tally.entitlements;
				CODE_SIGN_STYLE = Automatic;
				CURRENT_PROJECT_VERSION = 1;
				DEVELOPMENT_TEAM = 43GNZD3YD4;
				ENABLE_PREVIEWS = YES;
				GENERATE_INFOPLIST_FILE = YES;
				INFOPLIST_KEY_UIApplicationSceneManifest_Generation = YES;
				INFOPLIST_KEY_UIApplicationSupportsIndirectInputEvents = YES;
				INFOPLIST_KEY_UILaunchScreen_Generation = YES;
				INFOPLIST_KEY_UISupportedInterfaceOrientations_iPad = "UIInterfaceOrientationPortrait UIInterfaceOrientationPortraitUpsideDown UIInterfaceOrientationLandscapeLeft UIInterfaceOrientationLandscapeRight";
				INFOPLIST_KEY_UISupportedInterfaceOrientations_iPhone = "UIInterfaceOrientationPortrait UIInterfaceOrientationLandscapeLeft UIInterfaceOrientationLandscapeRight";
				LD_RUNPATH_SEARCH_PATHS = (
					"$(inherited)",
					"@executable_path/Frameworks",
				);
				MARKETING_VERSION = 1.0;
				PRODUCT_BUNDLE_IDENTIFIER = omarvelous.Tally;
				PRODUCT_NAME = "$(TARGET_NAME)";
				STRING_CATALOG_GENERATE_SYMBOLS = YES;
				SWIFT_APPROACHABLE_CONCURRENCY = YES;
				SWIFT_DEFAULT_ACTOR_ISOLATION = MainActor;
				SWIFT_EMIT_LOC_STRINGS = YES;
				SWIFT_UPCOMING_FEATURE_MEMBER_IMPORT_VISIBILITY = YES;
				SWIFT_VERSION = 5.0;
				TARGETED_DEVICE_FAMILY = "1,2";
			};
			name = Debug;
		};
		C501A3242FB7F884004854C0 /* Release */ = {
			isa = XCBuildConfiguration;
			buildSettings = {
				ASSETCATALOG_COMPILER_APPICON_NAME = AppIcon;
				ASSETCATALOG_COMPILER_GLOBAL_ACCENT_COLOR_NAME = AccentColor;
				CODE_SIGN_ENTITLEMENTS = Tally/Tally.entitlements;
				CODE_SIGN_STYLE = Automatic;
				CURRENT_PROJECT_VERSION = 1;
				DEVELOPMENT_TEAM = 43GNZD3YD4;
				ENABLE_PREVIEWS = YES;
				GENERATE_INFOPLIST_FILE = YES;
				INFOPLIST_KEY_UIApplicationSceneManifest_Generation = YES;
				INFOPLIST_KEY_UIApplicationSupportsIndirectInputEvents = YES;
				INFOPLIST_KEY_UILaunchScreen_Generation = YES;
				INFOPLIST_KEY_UISupportedInterfaceOrientations_iPad = "UIInterfaceOrientationPortrait UIInterfaceOrientationPortraitUpsideDown UIInterfaceOrientationLandscapeLeft UIInterfaceOrientationLandscapeRight";
				INFOPLIST_KEY_UISupportedInterfaceOrientations_iPhone = "UIInterfaceOrientationPortrait UIInterfaceOrientationLandscapeLeft UIInterfaceOrientationLandscapeRight";
				LD_RUNPATH_SEARCH_PATHS = (
					"$(inherited)",
					"@executable_path/Frameworks",
				);
				MARKETING_VERSION = 1.0;
				PRODUCT_BUNDLE_IDENTIFIER = omarvelous.Tally;
				PRODUCT_NAME = "$(TARGET_NAME)";
				STRING_CATALOG_GENERATE_SYMBOLS = YES;
				SWIFT_APPROACHABLE_CONCURRENCY = YES;
				SWIFT_DEFAULT_ACTOR_ISOLATION = MainActor;
				SWIFT_EMIT_LOC_STRINGS = YES;
				SWIFT_UPCOMING_FEATURE_MEMBER_IMPORT_VISIBILITY = YES;
				SWIFT_VERSION = 5.0;
				TARGETED_DEVICE_FAMILY = "1,2";
			};
			name = Release;
		};
		C501A3262FB7F884004854C0 /* Debug */ = {
			isa = XCBuildConfiguration;
			buildSettings = {
				BUNDLE_LOADER = "$(TEST_HOST)";
				CODE_SIGN_STYLE = Automatic;
				CURRENT_PROJECT_VERSION = 1;
				GENERATE_INFOPLIST_FILE = YES;
				IPHONEOS_DEPLOYMENT_TARGET = 18.0;
				MARKETING_VERSION = 1.0;
				PRODUCT_BUNDLE_IDENTIFIER = omarvelous.TallyTests;
				PRODUCT_NAME = "$(TARGET_NAME)";
				STRING_CATALOG_GENERATE_SYMBOLS = NO;
				SWIFT_APPROACHABLE_CONCURRENCY = YES;
				SWIFT_EMIT_LOC_STRINGS = NO;
				SWIFT_UPCOMING_FEATURE_MEMBER_IMPORT_VISIBILITY = YES;
				SWIFT_VERSION = 5.0;
				TARGETED_DEVICE_FAMILY = "1,2";
				TEST_HOST = "$(BUILT_PRODUCTS_DIR)/Tally.app/$(BUNDLE_EXECUTABLE_FOLDER_PATH)/Tally";
			};
			name = Debug;
		};
		C501A3272FB7F884004854C0 /* Release */ = {
			isa = XCBuildConfiguration;
			buildSettings = {
				BUNDLE_LOADER = "$(TEST_HOST)";
				CODE_SIGN_STYLE = Automatic;
				CURRENT_PROJECT_VERSION = 1;
				GENERATE_INFOPLIST_FILE = YES;
				IPHONEOS_DEPLOYMENT_TARGET = 18.0;
				MARKETING_VERSION = 1.0;
				PRODUCT_BUNDLE_IDENTIFIER = omarvelous.TallyTests;
				PRODUCT_NAME = "$(TARGET_NAME)";
				STRING_CATALOG_GENERATE_SYMBOLS = NO;
				SWIFT_APPROACHABLE_CONCURRENCY = YES;
				SWIFT_EMIT_LOC_STRINGS = NO;
				SWIFT_UPCOMING_FEATURE_MEMBER_IMPORT_VISIBILITY = YES;
				SWIFT_VERSION = 5.0;
				TARGETED_DEVICE_FAMILY = "1,2";
				TEST_HOST = "$(BUILT_PRODUCTS_DIR)/Tally.app/$(BUNDLE_EXECUTABLE_FOLDER_PATH)/Tally";
			};
			name = Release;
		};
		C501A3292FB7F884004854C0 /* Debug */ = {
			isa = XCBuildConfiguration;
			buildSettings = {
				CODE_SIGN_STYLE = Automatic;
				CURRENT_PROJECT_VERSION = 1;
				GENERATE_INFOPLIST_FILE = YES;
				MARKETING_VERSION = 1.0;
				PRODUCT_BUNDLE_IDENTIFIER = omarvelous.TallyUITests;
				PRODUCT_NAME = "$(TARGET_NAME)";
				STRING_CATALOG_GENERATE_SYMBOLS = NO;
				SWIFT_APPROACHABLE_CONCURRENCY = YES;
				SWIFT_EMIT_LOC_STRINGS = NO;
				SWIFT_UPCOMING_FEATURE_MEMBER_IMPORT_VISIBILITY = YES;
				SWIFT_VERSION = 5.0;
				TARGETED_DEVICE_FAMILY = "1,2";
				TEST_TARGET_NAME = Tally;
			};
			name = Debug;
		};
		C501A32A2FB7F884004854C0 /* Release */ = {
			isa = XCBuildConfiguration;
			buildSettings = {
				CODE_SIGN_STYLE = Automatic;
				CURRENT_PROJECT_VERSION = 1;
				GENERATE_INFOPLIST_FILE = YES;
				MARKETING_VERSION = 1.0;
				PRODUCT_BUNDLE_IDENTIFIER = omarvelous.TallyUITests;
				PRODUCT_NAME = "$(TARGET_NAME)";
				STRING_CATALOG_GENERATE_SYMBOLS = NO;
				SWIFT_APPROACHABLE_CONCURRENCY = YES;
				SWIFT_EMIT_LOC_STRINGS = NO;
				SWIFT_UPCOMING_FEATURE_MEMBER_IMPORT_VISIBILITY = YES;
				SWIFT_VERSION = 5.0;
				TARGETED_DEVICE_FAMILY = "1,2";
				TEST_TARGET_NAME = Tally;
			};
			name = Release;
		};
		C501A3C12FB8A55F004854C0 /* Debug */ = {
			isa = XCBuildConfiguration;
			buildSettings = {
				ASSETCATALOG_COMPILER_GLOBAL_ACCENT_COLOR_NAME = AccentColor;
				ASSETCATALOG_COMPILER_WIDGET_BACKGROUND_COLOR_NAME = WidgetBackground;
				CODE_SIGN_ENTITLEMENTS = TallyWidgets/TallyWidgets.entitlements;
				CODE_SIGN_STYLE = Automatic;
				CURRENT_PROJECT_VERSION = 1;
				DEVELOPMENT_TEAM = 43GNZD3YD4;
				GENERATE_INFOPLIST_FILE = YES;
				INFOPLIST_FILE = TallyWidgets/Info.plist;
				INFOPLIST_KEY_CFBundleDisplayName = TallyWidgets;
				INFOPLIST_KEY_NSHumanReadableCopyright = "";
				LD_RUNPATH_SEARCH_PATHS = (
					"$(inherited)",
					"@executable_path/Frameworks",
					"@executable_path/../../Frameworks",
				);
				MARKETING_VERSION = 1.0;
				PRODUCT_BUNDLE_IDENTIFIER = omarvelous.Tally.TallyWidgets;
				PRODUCT_NAME = "$(TARGET_NAME)";
				SKIP_INSTALL = YES;
				STRING_CATALOG_GENERATE_SYMBOLS = YES;
				SWIFT_APPROACHABLE_CONCURRENCY = YES;
				SWIFT_EMIT_LOC_STRINGS = YES;
				SWIFT_UPCOMING_FEATURE_MEMBER_IMPORT_VISIBILITY = YES;
				SWIFT_VERSION = 5.0;
				TARGETED_DEVICE_FAMILY = "1,2";
			};
			name = Debug;
		};
		C501A3C22FB8A55F004854C0 /* Release */ = {
			isa = XCBuildConfiguration;
			buildSettings = {
				ASSETCATALOG_COMPILER_GLOBAL_ACCENT_COLOR_NAME = AccentColor;
				ASSETCATALOG_COMPILER_WIDGET_BACKGROUND_COLOR_NAME = WidgetBackground;
				CODE_SIGN_ENTITLEMENTS = TallyWidgets/TallyWidgets.entitlements;
				CODE_SIGN_STYLE = Automatic;
				CURRENT_PROJECT_VERSION = 1;
				DEVELOPMENT_TEAM = 43GNZD3YD4;
				GENERATE_INFOPLIST_FILE = YES;
				INFOPLIST_FILE = TallyWidgets/Info.plist;
				INFOPLIST_KEY_CFBundleDisplayName = TallyWidgets;
				INFOPLIST_KEY_NSHumanReadableCopyright = "";
				LD_RUNPATH_SEARCH_PATHS = (
					"$(inherited)",
					"@executable_path/Frameworks",
					"@executable_path/../../Frameworks",
				);
				MARKETING_VERSION = 1.0;
				PRODUCT_BUNDLE_IDENTIFIER = omarvelous.Tally.TallyWidgets;
				PRODUCT_NAME = "$(TARGET_NAME)";
				SKIP_INSTALL = YES;
				STRING_CATALOG_GENERATE_SYMBOLS = YES;
				SWIFT_APPROACHABLE_CONCURRENCY = YES;
				SWIFT_EMIT_LOC_STRINGS = YES;
				SWIFT_UPCOMING_FEATURE_MEMBER_IMPORT_VISIBILITY = YES;
				SWIFT_VERSION = 5.0;
				TARGETED_DEVICE_FAMILY = "1,2";
			};
			name = Release;
		};
/* End XCBuildConfiguration section */

/* Begin XCConfigurationList section */
		C501A2FA2FB7F882004854C0 /* Build configuration list for PBXProject "Tally" */ = {
			isa = XCConfigurationList;
			buildConfigurations = (
				C501A3202FB7F884004854C0 /* Debug */,
				C501A3212FB7F884004854C0 /* Release */,
			);
			defaultConfigurationIsVisible = 0;
			defaultConfigurationName = Release;
		};
		C501A3222FB7F884004854C0 /* Build configuration list for PBXNativeTarget "Tally" */ = {
			isa = XCConfigurationList;
			buildConfigurations = (
				C501A3232FB7F884004854C0 /* Debug */,
				C501A3242FB7F884004854C0 /* Release */,
			);
			defaultConfigurationIsVisible = 0;
			defaultConfigurationName = Release;
		};
		C501A3252FB7F884004854C0 /* Build configuration list for PBXNativeTarget "TallyTests" */ = {
			isa = XCConfigurationList;
			buildConfigurations = (
				C501A3262FB7F884004854C0 /* Debug */,
				C501A3272FB7F884004854C0 /* Release */,
			);
			defaultConfigurationIsVisible = 0;
			defaultConfigurationName = Release;
		};
		C501A3282FB7F884004854C0 /* Build configuration list for PBXNativeTarget "TallyUITests" */ = {
			isa = XCConfigurationList;
			buildConfigurations = (
				C501A3292FB7F884004854C0 /* Debug */,
				C501A32A2FB7F884004854C0 /* Release */,
			);
			defaultConfigurationIsVisible = 0;
			defaultConfigurationName = Release;
		};
		C501A3C02FB8A55F004854C0 /* Build configuration list for PBXNativeTarget "TallyWidgetsExtension" */ = {
			isa = XCConfigurationList;
			buildConfigurations = (
				C501A3C12FB8A55F004854C0 /* Debug */,
				C501A3C22FB8A55F004854C0 /* Release */,
			);
			defaultConfigurationIsVisible = 0;
			defaultConfigurationName = Release;
		};
/* End XCConfigurationList section */

/* Begin XCRemoteSwiftPackageReference section */
		C597A43C2FC1E7DC00C89E9C /* XCRemoteSwiftPackageReference "supabase-swift" */ = {
			isa = XCRemoteSwiftPackageReference;
			repositoryURL = "https://github.com/supabase/supabase-swift";
			requirement = {
				kind = upToNextMajorVersion;
				minimumVersion = 2.5.1;
			};
		};
/* End XCRemoteSwiftPackageReference section */

/* Begin XCSwiftPackageProductDependency section */
		C597A43D2FC1E7DC00C89E9C /* Auth */ = {
			isa = XCSwiftPackageProductDependency;
			package = C597A43C2FC1E7DC00C89E9C /* XCRemoteSwiftPackageReference "supabase-swift" */;
			productName = Auth;
		};
		C597A43F2FC1E7DC00C89E9C /* Functions */ = {
			isa = XCSwiftPackageProductDependency;
			package = C597A43C2FC1E7DC00C89E9C /* XCRemoteSwiftPackageReference "supabase-swift" */;
			productName = Functions;
		};
		C597A4412FC1E7DC00C89E9C /* PostgREST */ = {
			isa = XCSwiftPackageProductDependency;
			package = C597A43C2FC1E7DC00C89E9C /* XCRemoteSwiftPackageReference "supabase-swift" */;
			productName = PostgREST;
		};
		C597A4432FC1E7DC00C89E9C /* Realtime */ = {
			isa = XCSwiftPackageProductDependency;
			package = C597A43C2FC1E7DC00C89E9C /* XCRemoteSwiftPackageReference "supabase-swift" */;
			productName = Realtime;
		};
		C597A4452FC1E7DC00C89E9C /* Storage */ = {
			isa = XCSwiftPackageProductDependency;
			package = C597A43C2FC1E7DC00C89E9C /* XCRemoteSwiftPackageReference "supabase-swift" */;
			productName = Storage;
		};
		C597A4472FC1E7DC00C89E9C /* Supabase */ = {
			isa = XCSwiftPackageProductDependency;
			package = C597A43C2FC1E7DC00C89E9C /* XCRemoteSwiftPackageReference "supabase-swift" */;
			productName = Supabase;
		};
/* End XCSwiftPackageProductDependency section */
	};
	rootObject = C501A2F72FB7F882004854C0 /* Project object */;
}
